
Microsoft Visual Studio Solution File, Format Version 12.00
# Visual Studio Version 16
VisualStudioVersion = 25.0.1704.5
MinimumVisualStudioVersion = 10.0.40219.1
Project("{FAE04EC0-301F-11D3-BF4B-00C04F79EFBC}") = "Yield", "Yield\Yield.csproj", "{473164E2-3586-4846-9092-8A73A4C379CE}"
EndProject
Global
	GlobalSection(SolutionConfigurationPlatforms) = preSolution
		Debug|Any CPU = Debug|Any CPU
		Release|Any CPU = Release|Any CPU
	EndGlobalSection
	GlobalSection(ProjectConfigurationPlatforms) = postSolution
		{473164E2-3586-4846-9092-8A73A4C379CE}.Debug|Any CPU.ActiveCfg = Debug|Any CPU
		{473164E2-3586-4846-9092-8A73A4C379CE}.Debug|Any CPU.Build.0 = Debug|Any CPU
		{473164E2-3586-4846-9092-8A73A4C379CE}.Release|Any CPU.ActiveCfg = Release|Any CPU
		{473164E2-3586-4846-9092-8A73A4C379CE}.Release|Any CPU.Build.0 = Release|Any CPU
	EndGlobalSection
	GlobalSection(SolutionProperties) = preSolution
		HideSolutionNode = FALSE
	EndGlobalSection
	GlobalSection(ExtensibilityGlobals) = postSolution
		SolutionGuid = {1F95202B-87AF-4EEA-B1D1-4E2D46FCF5E0}
	EndGlobalSection
EndGlobal
