
Microsoft Visual Studio Solution File, Format Version 12.00
# Visual Studio Version 16
VisualStudioVersion = 25.0.1704.0
MinimumVisualStudioVersion = 10.0.40219.1
Project("{FAE04EC0-301F-11D3-BF4B-00C04F79EFBC}") = "TaskManagement_App", "TaskManagement_App\TaskManagement_App.csproj", "{6B25B98A-C402-480F-97B5-E8205D8986A2}"
EndProject
Global
	GlobalSection(SolutionConfigurationPlatforms) = preSolution
		Debug|Any CPU = Debug|Any CPU
		Release|Any CPU = Release|Any CPU
	EndGlobalSection
	GlobalSection(ProjectConfigurationPlatforms) = postSolution
		{6B25B98A-C402-480F-97B5-E8205D8986A2}.Debug|Any CPU.ActiveCfg = Debug|Any CPU
		{6B25B98A-C402-480F-97B5-E8205D8986A2}.Debug|Any CPU.Build.0 = Debug|Any CPU
		{6B25B98A-C402-480F-97B5-E8205D8986A2}.Release|Any CPU.ActiveCfg = Release|Any CPU
		{6B25B98A-C402-480F-97B5-E8205D8986A2}.Release|Any CPU.Build.0 = Release|Any CPU
	EndGlobalSection
	GlobalSection(SolutionProperties) = preSolution
		HideSolutionNode = FALSE
	EndGlobalSection
	GlobalSection(ExtensibilityGlobals) = postSolution
		SolutionGuid = {F88C1FAF-CD3B-4F32-8FE6-3C3C6905D276}
	EndGlobalSection
EndGlobal
