
Microsoft Visual Studio Solution File, Format Version 12.00
# Visual Studio Version 16
VisualStudioVersion = 25.0.1704.5
MinimumVisualStudioVersion = 10.0.40219.1
Project("{FAE04EC0-301F-11D3-BF4B-00C04F79EFBC}") = "List", "List\List.csproj", "{39A690E8-60AE-4305-8D57-2EC3EE96D485}"
EndProject
Global
	GlobalSection(SolutionConfigurationPlatforms) = preSolution
		Debug|Any CPU = Debug|Any CPU
		Release|Any CPU = Release|Any CPU
	EndGlobalSection
	GlobalSection(ProjectConfigurationPlatforms) = postSolution
		{39A690E8-60AE-4305-8D57-2EC3EE96D485}.Debug|Any CPU.ActiveCfg = Debug|Any CPU
		{39A690E8-60AE-4305-8D57-2EC3EE96D485}.Debug|Any CPU.Build.0 = Debug|Any CPU
		{39A690E8-60AE-4305-8D57-2EC3EE96D485}.Release|Any CPU.ActiveCfg = Release|Any CPU
		{39A690E8-60AE-4305-8D57-2EC3EE96D485}.Release|Any CPU.Build.0 = Release|Any CPU
	EndGlobalSection
	GlobalSection(SolutionProperties) = preSolution
		HideSolutionNode = FALSE
	EndGlobalSection
	GlobalSection(ExtensibilityGlobals) = postSolution
		SolutionGuid = {DF04A4BD-FA2E-49D7-B263-CD45DEB712F6}
	EndGlobalSection
EndGlobal
