
Microsoft Visual Studio Solution File, Format Version 12.00
# Visual Studio Version 16
VisualStudioVersion = 25.0.1705.4
MinimumVisualStudioVersion = 10.0.40219.1
Project("{FAE04EC0-301F-11D3-BF4B-00C04F79EFBC}") = "B-Tree", "B-Tree\B-Tree.csproj", "{D53673B7-E3F4-4305-8AAF-84D6DCBAD049}"
EndProject
Global
	GlobalSection(SolutionConfigurationPlatforms) = preSolution
		Debug|Any CPU = Debug|Any CPU
		Release|Any CPU = Release|Any CPU
	EndGlobalSection
	GlobalSection(ProjectConfigurationPlatforms) = postSolution
		{D53673B7-E3F4-4305-8AAF-84D6DCBAD049}.Debug|Any CPU.ActiveCfg = Debug|Any CPU
		{D53673B7-E3F4-4305-8AAF-84D6DCBAD049}.Debug|Any CPU.Build.0 = Debug|Any CPU
		{D53673B7-E3F4-4305-8AAF-84D6DCBAD049}.Release|Any CPU.ActiveCfg = Release|Any CPU
		{D53673B7-E3F4-4305-8AAF-84D6DCBAD049}.Release|Any CPU.Build.0 = Release|Any CPU
	EndGlobalSection
	GlobalSection(SolutionProperties) = preSolution
		HideSolutionNode = FALSE
	EndGlobalSection
	GlobalSection(ExtensibilityGlobals) = postSolution
		SolutionGuid = {8CBE5126-FD27-4CC4-B546-357FD974AE90}
	EndGlobalSection
EndGlobal
